
Microsoft Visual Studio Solution File, Format Version 12.00
# Visual Studio Version 17
VisualStudioVersion = 17.10.35027.167
MinimumVisualStudioVersion = 10.0.40219.1
Project("{FAE04EC0-301F-11D3-BF4B-00C04F79EFBC}") = "LocalStorageVaCookies", "LocalStorageVaCookies\LocalStorageVaCookies.csproj", "{3FA7A0E0-0158-434F-A2B6-B7E5FC7DD65B}"
EndProject
Global
	GlobalSection(SolutionConfigurationPlatforms) = preSolution
		Debug|Any CPU = Debug|Any CPU
		Release|Any CPU = Release|Any CPU
	EndGlobalSection
	GlobalSection(ProjectConfigurationPlatforms) = postSolution
		{3FA7A0E0-0158-434F-A2B6-B7E5FC7DD65B}.Debug|Any CPU.ActiveCfg = Debug|Any CPU
		{3FA7A0E0-0158-434F-A2B6-B7E5FC7DD65B}.Debug|Any CPU.Build.0 = Debug|Any CPU
		{3FA7A0E0-0158-434F-A2B6-B7E5FC7DD65B}.Release|Any CPU.ActiveCfg = Release|Any CPU
		{3FA7A0E0-0158-434F-A2B6-B7E5FC7DD65B}.Release|Any CPU.Build.0 = Release|Any CPU
	EndGlobalSection
	GlobalSection(SolutionProperties) = preSolution
		HideSolutionNode = FALSE
	EndGlobalSection
	GlobalSection(ExtensibilityGlobals) = postSolution
		SolutionGuid = {AB86736E-A277-499D-A585-9F77DFF7AA85}
	EndGlobalSection
EndGlobal
